
Microsoft Visual Studio Solution File, Format Version 12.00
# Visual Studio Version 16
VisualStudioVersion = 16.0.32802.440
MinimumVisualStudioVersion = 10.0.40219.1
Project("{FAE04EC0-301F-11D3-BF4B-00C04F79EFBC}") = "Excersice-03", "Excersice-03\Excersice-03.csproj", "{3BFE067E-1C28-42AA-BF73-76B815D7C0D2}"
EndProject
Global
	GlobalSection(SolutionConfigurationPlatforms) = preSolution
		Debug|Any CPU = Debug|Any CPU
		Release|Any CPU = Release|Any CPU
	EndGlobalSection
	GlobalSection(ProjectConfigurationPlatforms) = postSolution
		{3BFE067E-1C28-42AA-BF73-76B815D7C0D2}.Debug|Any CPU.ActiveCfg = Debug|Any CPU
		{3BFE067E-1C28-42AA-BF73-76B815D7C0D2}.Debug|Any CPU.Build.0 = Debug|Any CPU
		{3BFE067E-1C28-42AA-BF73-76B815D7C0D2}.Release|Any CPU.ActiveCfg = Release|Any CPU
		{3BFE067E-1C28-42AA-BF73-76B815D7C0D2}.Release|Any CPU.Build.0 = Release|Any CPU
	EndGlobalSection
	GlobalSection(SolutionProperties) = preSolution
		HideSolutionNode = FALSE
	EndGlobalSection
	GlobalSection(ExtensibilityGlobals) = postSolution
		SolutionGuid = {D5C1CABE-F50A-4FE9-ACEF-027D69355640}
	EndGlobalSection
EndGlobal
